
Microsoft Visual Studio Solution File, Format Version 12.00
# Visual Studio 15
VisualStudioVersion = 15.0.28010.2016
MinimumVisualStudioVersion = 10.0.40219.1
Project("{FAE04EC0-301F-11D3-BF4B-00C04F79EFBC}") = "ConnectSQLServer", "ConnectSQLServer\ConnectSQLServer.csproj", "{5E0BDF1C-BB9A-4A32-9031-D98CC7FAE1B3}"
EndProject
Project("{FAE04EC0-301F-11D3-BF4B-00C04F79EFBC}") = "SchoolSQL", "SchoolSQL\SchoolSQL.csproj", "{7E552DD4-5DE6-419A-A9BC-77C59DDF3F20}"
EndProject
Global
	GlobalSection(SolutionConfigurationPlatforms) = preSolution
		Debug|Any CPU = Debug|Any CPU
		Release|Any CPU = Release|Any CPU
	EndGlobalSection
	GlobalSection(ProjectConfigurationPlatforms) = postSolution
		{5E0BDF1C-BB9A-4A32-9031-D98CC7FAE1B3}.Debug|Any CPU.ActiveCfg = Debug|Any CPU
		{5E0BDF1C-BB9A-4A32-9031-D98CC7FAE1B3}.Debug|Any CPU.Build.0 = Debug|Any CPU
		{5E0BDF1C-BB9A-4A32-9031-D98CC7FAE1B3}.Release|Any CPU.ActiveCfg = Release|Any CPU
		{5E0BDF1C-BB9A-4A32-9031-D98CC7FAE1B3}.Release|Any CPU.Build.0 = Release|Any CPU
		{7E552DD4-5DE6-419A-A9BC-77C59DDF3F20}.Debug|Any CPU.ActiveCfg = Debug|Any CPU
		{7E552DD4-5DE6-419A-A9BC-77C59DDF3F20}.Debug|Any CPU.Build.0 = Debug|Any CPU
		{7E552DD4-5DE6-419A-A9BC-77C59DDF3F20}.Release|Any CPU.ActiveCfg = Release|Any CPU
		{7E552DD4-5DE6-419A-A9BC-77C59DDF3F20}.Release|Any CPU.Build.0 = Release|Any CPU
	EndGlobalSection
	GlobalSection(SolutionProperties) = preSolution
		HideSolutionNode = FALSE
	EndGlobalSection
	GlobalSection(ExtensibilityGlobals) = postSolution
		SolutionGuid = {9D818363-EFF8-4705-A02A-67C395ADBB54}
	EndGlobalSection
EndGlobal
